
Microsoft Visual Studio Solution File, Format Version 12.00
# Visual Studio Version 16
VisualStudioVersion = 16.0.30128.74
MinimumVisualStudioVersion = 10.0.40219.1
Project("{FAE04EC0-301F-11D3-BF4B-00C04F79EFBC}") = "ElasticDemoApp.Console", "ElasticDemoApp.Console\ElasticDemoApp.Console.csproj", "{E0EE403F-FE91-4A78-A6A4-0707AF2B3570}"
EndProject
Global
	GlobalSection(SolutionConfigurationPlatforms) = preSolution
		Debug|Any CPU = Debug|Any CPU
		Release|Any CPU = Release|Any CPU
	EndGlobalSection
	GlobalSection(ProjectConfigurationPlatforms) = postSolution
		{E0EE403F-FE91-4A78-A6A4-0707AF2B3570}.Debug|Any CPU.ActiveCfg = Debug|Any CPU
		{E0EE403F-FE91-4A78-A6A4-0707AF2B3570}.Debug|Any CPU.Build.0 = Debug|Any CPU
		{E0EE403F-FE91-4A78-A6A4-0707AF2B3570}.Release|Any CPU.ActiveCfg = Release|Any CPU
		{E0EE403F-FE91-4A78-A6A4-0707AF2B3570}.Release|Any CPU.Build.0 = Release|Any CPU
	EndGlobalSection
	GlobalSection(SolutionProperties) = preSolution
		HideSolutionNode = FALSE
	EndGlobalSection
	GlobalSection(ExtensibilityGlobals) = postSolution
		SolutionGuid = {B7EE5952-9691-4699-AE4E-B932BBDB25EE}
	EndGlobalSection
EndGlobal
